
Microsoft Visual Studio Solution File, Format Version 12.00
# Visual Studio Version 17
VisualStudioVersion = 17.14.36301.6 d17.14
MinimumVisualStudioVersion = 10.0.40219.1
Project("{FAE04EC0-301F-11D3-BF4B-00C04F79EFBC}") = "StockMonitor", "StockMonitor\StockMonitor.csproj", "{64870B05-CEE5-4765-89F6-CE924020B011}"
EndProject
Global
	GlobalSection(SolutionConfigurationPlatforms) = preSolution
		Debug|Any CPU = Debug|Any CPU
		Release|Any CPU = Release|Any CPU
	EndGlobalSection
	GlobalSection(ProjectConfigurationPlatforms) = postSolution
		{64870B05-CEE5-4765-89F6-CE924020B011}.Debug|Any CPU.ActiveCfg = Debug|Any CPU
		{64870B05-CEE5-4765-89F6-CE924020B011}.Debug|Any CPU.Build.0 = Debug|Any CPU
		{64870B05-CEE5-4765-89F6-CE924020B011}.Debug|Any CPU.Deploy.0 = Debug|Any CPU
		{64870B05-CEE5-4765-89F6-CE924020B011}.Release|Any CPU.ActiveCfg = Release|Any CPU
		{64870B05-CEE5-4765-89F6-CE924020B011}.Release|Any CPU.Build.0 = Release|Any CPU
		{64870B05-CEE5-4765-89F6-CE924020B011}.Release|Any CPU.Deploy.0 = Release|Any CPU
	EndGlobalSection
	GlobalSection(SolutionProperties) = preSolution
		HideSolutionNode = FALSE
	EndGlobalSection
	GlobalSection(ExtensibilityGlobals) = postSolution
		SolutionGuid = {6F3150A8-4FF7-4C04-AB24-2134F8E28F5D}
	EndGlobalSection
EndGlobal
